
Microsoft Visual Studio Solution File, Format Version 12.00
# Visual Studio Version 16
VisualStudioVersion = 16.0.30907.101
MinimumVisualStudioVersion = 10.0.40219.1
Project("{FAE04EC0-301F-11D3-BF4B-00C04F79EFBC}") = "AppCEP.UWP", "AppCEP\AppCEP.UWP\AppCEP.UWP.csproj", "{2A50143F-4F66-4D82-ADDD-74E709772313}"
EndProject
Project("{FAE04EC0-301F-11D3-BF4B-00C04F79EFBC}") = "AppCEP.Android", "AppCEP\AppCEP.Android\AppCEP.Android.csproj", "{27B536A6-F280-400C-BC3B-C3EB1B6B1F49}"
EndProject
Project("{FAE04EC0-301F-11D3-BF4B-00C04F79EFBC}") = "AppCEP.iOS", "AppCEP\AppCEP.iOS\AppCEP.iOS.csproj", "{A4AE5831-375D-4241-8266-EFF26AA5B8FA}"
EndProject
Project("{FAE04EC0-301F-11D3-BF4B-00C04F79EFBC}") = "AppCEP", "AppCEP\AppCEP\AppCEP.csproj", "{28BEC3C0-A999-43D2-BD03-53C675B7A5E1}"
EndProject
Global
	GlobalSection(SolutionConfigurationPlatforms) = preSolution
		Debug|Any CPU = Debug|Any CPU
		Debug|ARM = Debug|ARM
		Debug|iPhone = Debug|iPhone
		Debug|iPhoneSimulator = Debug|iPhoneSimulator
		Debug|x64 = Debug|x64
		Debug|x86 = Debug|x86
		Release|Any CPU = Release|Any CPU
		Release|ARM = Release|ARM
		Release|iPhone = Release|iPhone
		Release|iPhoneSimulator = Release|iPhoneSimulator
		Release|x64 = Release|x64
		Release|x86 = Release|x86
	EndGlobalSection
	GlobalSection(ProjectConfigurationPlatforms) = postSolution
		{2A50143F-4F66-4D82-ADDD-74E709772313}.Debug|Any CPU.ActiveCfg = Debug|x86
		{2A50143F-4F66-4D82-ADDD-74E709772313}.Debug|Any CPU.Build.0 = Debug|x86
		{2A50143F-4F66-4D82-ADDD-74E709772313}.Debug|Any CPU.Deploy.0 = Debug|x86
		{2A50143F-4F66-4D82-ADDD-74E709772313}.Debug|ARM.ActiveCfg = Debug|ARM
		{2A50143F-4F66-4D82-ADDD-74E709772313}.Debug|ARM.Build.0 = Debug|ARM
		{2A50143F-4F66-4D82-ADDD-74E709772313}.Debug|ARM.Deploy.0 = Debug|ARM
		{2A50143F-4F66-4D82-ADDD-74E709772313}.Debug|iPhone.ActiveCfg = Debug|x86
		{2A50143F-4F66-4D82-ADDD-74E709772313}.Debug|iPhone.Build.0 = Debug|x86
		{2A50143F-4F66-4D82-ADDD-74E709772313}.Debug|iPhone.Deploy.0 = Debug|x86
		{2A50143F-4F66-4D82-ADDD-74E709772313}.Debug|iPhoneSimulator.ActiveCfg = Debug|x86
		{2A50143F-4F66-4D82-ADDD-74E709772313}.Debug|iPhoneSimulator.Build.0 = Debug|x86
		{2A50143F-4F66-4D82-ADDD-74E709772313}.Debug|iPhoneSimulator.Deploy.0 = Debug|x86
		{2A50143F-4F66-4D82-ADDD-74E709772313}.Debug|x64.ActiveCfg = Debug|x64
		{2A50143F-4F66-4D82-ADDD-74E709772313}.Debug|x64.Build.0 = Debug|x64
		{2A50143F-4F66-4D82-ADDD-74E709772313}.Debug|x64.Deploy.0 = Debug|x64
		{2A50143F-4F66-4D82-ADDD-74E709772313}.Debug|x86.ActiveCfg = Debug|x86
		{2A50143F-4F66-4D82-ADDD-74E709772313}.Debug|x86.Build.0 = Debug|x86
		{2A50143F-4F66-4D82-ADDD-74E709772313}.Debug|x86.Deploy.0 = Debug|x86
		{2A50143F-4F66-4D82-ADDD-74E709772313}.Release|Any CPU.ActiveCfg = Release|x86
		{2A50143F-4F66-4D82-ADDD-74E709772313}.Release|Any CPU.Build.0 = Release|x86
		{2A50143F-4F66-4D82-ADDD-74E709772313}.Release|Any CPU.Deploy.0 = Release|x86
		{2A50143F-4F66-4D82-ADDD-74E709772313}.Release|ARM.ActiveCfg = Release|ARM
		{2A50143F-4F66-4D82-ADDD-74E709772313}.Release|ARM.Build.0 = Release|ARM
		{2A50143F-4F66-4D82-ADDD-74E709772313}.Release|ARM.Deploy.0 = Release|ARM
		{2A50143F-4F66-4D82-ADDD-74E709772313}.Release|iPhone.ActiveCfg = Release|x86
		{2A50143F-4F66-4D82-ADDD-74E709772313}.Release|iPhone.Build.0 = Release|x86
		{2A50143F-4F66-4D82-ADDD-74E709772313}.Release|iPhone.Deploy.0 = Release|x86
		{2A50143F-4F66-4D82-ADDD-74E709772313}.Release|iPhoneSimulator.ActiveCfg = Release|x86
		{2A50143F-4F66-4D82-ADDD-74E709772313}.Release|iPhoneSimulator.Build.0 = Release|x86
		{2A50143F-4F66-4D82-ADDD-74E709772313}.Release|iPhoneSimulator.Deploy.0 = Release|x86
		{2A50143F-4F66-4D82-ADDD-74E709772313}.Release|x64.ActiveCfg = Release|x64
		{2A50143F-4F66-4D82-ADDD-74E709772313}.Release|x64.Build.0 = Release|x64
		{2A50143F-4F66-4D82-ADDD-74E709772313}.Release|x64.Deploy.0 = Release|x64
		{2A50143F-4F66-4D82-ADDD-74E709772313}.Release|x86.ActiveCfg = Release|x86
		{2A50143F-4F66-4D82-ADDD-74E709772313}.Release|x86.Build.0 = Release|x86
		{2A50143F-4F66-4D82-ADDD-74E709772313}.Release|x86.Deploy.0 = Release|x86
		{27B536A6-F280-400C-BC3B-C3EB1B6B1F49}.Debug|Any CPU.ActiveCfg = Debug|Any CPU
		{27B536A6-F280-400C-BC3B-C3EB1B6B1F49}.Debug|Any CPU.Build.0 = Debug|Any CPU
		{27B536A6-F280-400C-BC3B-C3EB1B6B1F49}.Debug|Any CPU.Deploy.0 = Debug|Any CPU
		{27B536A6-F280-400C-BC3B-C3EB1B6B1F49}.Debug|ARM.ActiveCfg = Debug|Any CPU
		{27B536A6-F280-400C-BC3B-C3EB1B6B1F49}.Debug|ARM.Build.0 = Debug|Any CPU
		{27B536A6-F280-400C-BC3B-C3EB1B6B1F49}.Debug|ARM.Deploy.0 = Debug|Any CPU
		{27B536A6-F280-400C-BC3B-C3EB1B6B1F49}.Debug|iPhone.ActiveCfg = Debug|Any CPU
		{27B536A6-F280-400C-BC3B-C3EB1B6B1F49}.Debug|iPhone.Build.0 = Debug|Any CPU
		{27B536A6-F280-400C-BC3B-C3EB1B6B1F49}.Debug|iPhone.Deploy.0 = Debug|Any CPU
		{27B536A6-F280-400C-BC3B-C3EB1B6B1F49}.Debug|iPhoneSimulator.ActiveCfg = Debug|Any CPU
		{27B536A6-F280-400C-BC3B-C3EB1B6B1F49}.Debug|iPhoneSimulator.Build.0 = Debug|Any CPU
		{27B536A6-F280-400C-BC3B-C3EB1B6B1F49}.Debug|iPhoneSimulator.Deploy.0 = Debug|Any CPU
		{27B536A6-F280-400C-BC3B-C3EB1B6B1F49}.Debug|x64.ActiveCfg = Debug|Any CPU
		{27B536A6-F280-400C-BC3B-C3EB1B6B1F49}.Debug|x64.Build.0 = Debug|Any CPU
		{27B536A6-F280-400C-BC3B-C3EB1B6B1F49}.Debug|x64.Deploy.0 = Debug|Any CPU
		{27B536A6-F280-400C-BC3B-C3EB1B6B1F49}.Debug|x86.ActiveCfg = Debug|Any CPU
		{27B536A6-F280-400C-BC3B-C3EB1B6B1F49}.Debug|x86.Build.0 = Debug|Any CPU
		{27B536A6-F280-400C-BC3B-C3EB1B6B1F49}.Debug|x86.Deploy.0 = Debug|Any CPU
		{27B536A6-F280-400C-BC3B-C3EB1B6B1F49}.Release|Any CPU.ActiveCfg = Release|Any CPU
		{27B536A6-F280-400C-BC3B-C3EB1B6B1F49}.Release|Any CPU.Build.0 = Release|Any CPU
		{27B536A6-F280-400C-BC3B-C3EB1B6B1F49}.Release|Any CPU.Deploy.0 = Release|Any CPU
		{27B536A6-F280-400C-BC3B-C3EB1B6B1F49}.Release|ARM.ActiveCfg = Release|Any CPU
		{27B536A6-F280-400C-BC3B-C3EB1B6B1F49}.Release|ARM.Build.0 = Release|Any CPU
		{27B536A6-F280-400C-BC3B-C3EB1B6B1F49}.Release|ARM.Deploy.0 = Release|Any CPU
		{27B536A6-F280-400C-BC3B-C3EB1B6B1F49}.Release|iPhone.ActiveCfg = Release|Any CPU
		{27B536A6-F280-400C-BC3B-C3EB1B6B1F49}.Release|iPhone.Build.0 = Release|Any CPU
		{27B536A6-F280-400C-BC3B-C3EB1B6B1F49}.Release|iPhone.Deploy.0 = Release|Any CPU
		{27B536A6-F280-400C-BC3B-C3EB1B6B1F49}.Release|iPhoneSimulator.ActiveCfg = Release|Any CPU
		{27B536A6-F280-400C-BC3B-C3EB1B6B1F49}.Release|iPhoneSimulator.Build.0 = Release|Any CPU
		{27B536A6-F280-400C-BC3B-C3EB1B6B1F49}.Release|iPhoneSimulator.Deploy.0 = Release|Any CPU
		{27B536A6-F280-400C-BC3B-C3EB1B6B1F49}.Release|x64.ActiveCfg = Release|Any CPU
		{27B536A6-F280-400C-BC3B-C3EB1B6B1F49}.Release|x64.Build.0 = Release|Any CPU
		{27B536A6-F280-400C-BC3B-C3EB1B6B1F49}.Release|x64.Deploy.0 = Release|Any CPU
		{27B536A6-F280-400C-BC3B-C3EB1B6B1F49}.Release|x86.ActiveCfg = Release|Any CPU
		{27B536A6-F280-400C-BC3B-C3EB1B6B1F49}.Release|x86.Build.0 = Release|Any CPU
		{27B536A6-F280-400C-BC3B-C3EB1B6B1F49}.Release|x86.Deploy.0 = Release|Any CPU
		{A4AE5831-375D-4241-8266-EFF26AA5B8FA}.Debug|Any CPU.ActiveCfg = Debug|iPhoneSimulator
		{A4AE5831-375D-4241-8266-EFF26AA5B8FA}.Debug|Any CPU.Build.0 = Debug|iPhoneSimulator
		{A4AE5831-375D-4241-8266-EFF26AA5B8FA}.Debug|Any CPU.Deploy.0 = Debug|iPhoneSimulator
		{A4AE5831-375D-4241-8266-EFF26AA5B8FA}.Debug|ARM.ActiveCfg = Debug|iPhone
		{A4AE5831-375D-4241-8266-EFF26AA5B8FA}.Debug|ARM.Build.0 = Debug|iPhone
		{A4AE5831-375D-4241-8266-EFF26AA5B8FA}.Debug|ARM.Deploy.0 = Debug|iPhone
		{A4AE5831-375D-4241-8266-EFF26AA5B8FA}.Debug|iPhone.ActiveCfg = Debug|iPhone
		{A4AE5831-375D-4241-8266-EFF26AA5B8FA}.Debug|iPhone.Build.0 = Debug|iPhone
		{A4AE5831-375D-4241-8266-EFF26AA5B8FA}.Debug|iPhone.Deploy.0 = Debug|iPhone
		{A4AE5831-375D-4241-8266-EFF26AA5B8FA}.Debug|iPhoneSimulator.ActiveCfg = Debug|iPhoneSimulator
		{A4AE5831-375D-4241-8266-EFF26AA5B8FA}.Debug|iPhoneSimulator.Build.0 = Debug|iPhoneSimulator
		{A4AE5831-375D-4241-8266-EFF26AA5B8FA}.Debug|iPhoneSimulator.Deploy.0 = Debug|iPhoneSimulator
		{A4AE5831-375D-4241-8266-EFF26AA5B8FA}.Debug|x64.ActiveCfg = Debug|iPhoneSimulator
		{A4AE5831-375D-4241-8266-EFF26AA5B8FA}.Debug|x64.Build.0 = Debug|iPhoneSimulator
		{A4AE5831-375D-4241-8266-EFF26AA5B8FA}.Debug|x64.Deploy.0 = Debug|iPhoneSimulator
		{A4AE5831-375D-4241-8266-EFF26AA5B8FA}.Debug|x86.ActiveCfg = Debug|iPhoneSimulator
		{A4AE5831-375D-4241-8266-EFF26AA5B8FA}.Debug|x86.Build.0 = Debug|iPhoneSimulator
		{A4AE5831-375D-4241-8266-EFF26AA5B8FA}.Debug|x86.Deploy.0 = Debug|iPhoneSimulator
		{A4AE5831-375D-4241-8266-EFF26AA5B8FA}.Release|Any CPU.ActiveCfg = Release|iPhoneSimulator
		{A4AE5831-375D-4241-8266-EFF26AA5B8FA}.Release|Any CPU.Build.0 = Release|iPhoneSimulator
		{A4AE5831-375D-4241-8266-EFF26AA5B8FA}.Release|Any CPU.Deploy.0 = Release|iPhoneSimulator
		{A4AE5831-375D-4241-8266-EFF26AA5B8FA}.Release|ARM.ActiveCfg = Release|iPhoneSimulator
		{A4AE5831-375D-4241-8266-EFF26AA5B8FA}.Release|ARM.Build.0 = Release|iPhoneSimulator
		{A4AE5831-375D-4241-8266-EFF26AA5B8FA}.Release|ARM.Deploy.0 = Release|iPhoneSimulator
		{A4AE5831-375D-4241-8266-EFF26AA5B8FA}.Release|iPhone.ActiveCfg = Release|iPhone
		{A4AE5831-375D-4241-8266-EFF26AA5B8FA}.Release|iPhone.Build.0 = Release|iPhone
		{A4AE5831-375D-4241-8266-EFF26AA5B8FA}.Release|iPhone.Deploy.0 = Release|iPhone
		{A4AE5831-375D-4241-8266-EFF26AA5B8FA}.Release|iPhoneSimulator.ActiveCfg = Release|iPhoneSimulator
		{A4AE5831-375D-4241-8266-EFF26AA5B8FA}.Release|iPhoneSimulator.Build.0 = Release|iPhoneSimulator
		{A4AE5831-375D-4241-8266-EFF26AA5B8FA}.Release|iPhoneSimulator.Deploy.0 = Release|iPhoneSimulator
		{A4AE5831-375D-4241-8266-EFF26AA5B8FA}.Release|x64.ActiveCfg = Release|iPhoneSimulator
		{A4AE5831-375D-4241-8266-EFF26AA5B8FA}.Release|x64.Build.0 = Release|iPhoneSimulator
		{A4AE5831-375D-4241-8266-EFF26AA5B8FA}.Release|x64.Deploy.0 = Release|iPhoneSimulator
		{A4AE5831-375D-4241-8266-EFF26AA5B8FA}.Release|x86.ActiveCfg = Release|iPhoneSimulator
		{A4AE5831-375D-4241-8266-EFF26AA5B8FA}.Release|x86.Build.0 = Release|iPhoneSimulator
		{A4AE5831-375D-4241-8266-EFF26AA5B8FA}.Release|x86.Deploy.0 = Release|iPhoneSimulator
		{28BEC3C0-A999-43D2-BD03-53C675B7A5E1}.Debug|Any CPU.ActiveCfg = Debug|Any CPU
		{28BEC3C0-A999-43D2-BD03-53C675B7A5E1}.Debug|Any CPU.Build.0 = Debug|Any CPU
		{28BEC3C0-A999-43D2-BD03-53C675B7A5E1}.Debug|Any CPU.Deploy.0 = Debug|Any CPU
		{28BEC3C0-A999-43D2-BD03-53C675B7A5E1}.Debug|ARM.ActiveCfg = Debug|Any CPU
		{28BEC3C0-A999-43D2-BD03-53C675B7A5E1}.Debug|ARM.Build.0 = Debug|Any CPU
		{28BEC3C0-A999-43D2-BD03-53C675B7A5E1}.Debug|ARM.Deploy.0 = Debug|Any CPU
		{28BEC3C0-A999-43D2-BD03-53C675B7A5E1}.Debug|iPhone.ActiveCfg = Debug|Any CPU
		{28BEC3C0-A999-43D2-BD03-53C675B7A5E1}.Debug|iPhone.Build.0 = Debug|Any CPU
		{28BEC3C0-A999-43D2-BD03-53C675B7A5E1}.Debug|iPhone.Deploy.0 = Debug|Any CPU
		{28BEC3C0-A999-43D2-BD03-53C675B7A5E1}.Debug|iPhoneSimulator.ActiveCfg = Debug|Any CPU
		{28BEC3C0-A999-43D2-BD03-53C675B7A5E1}.Debug|iPhoneSimulator.Build.0 = Debug|Any CPU
		{28BEC3C0-A999-43D2-BD03-53C675B7A5E1}.Debug|iPhoneSimulator.Deploy.0 = Debug|Any CPU
		{28BEC3C0-A999-43D2-BD03-53C675B7A5E1}.Debug|x64.ActiveCfg = Debug|Any CPU
		{28BEC3C0-A999-43D2-BD03-53C675B7A5E1}.Debug|x64.Build.0 = Debug|Any CPU
		{28BEC3C0-A999-43D2-BD03-53C675B7A5E1}.Debug|x64.Deploy.0 = Debug|Any CPU
		{28BEC3C0-A999-43D2-BD03-53C675B7A5E1}.Debug|x86.ActiveCfg = Debug|Any CPU
		{28BEC3C0-A999-43D2-BD03-53C675B7A5E1}.Debug|x86.Build.0 = Debug|Any CPU
		{28BEC3C0-A999-43D2-BD03-53C675B7A5E1}.Debug|x86.Deploy.0 = Debug|Any CPU
		{28BEC3C0-A999-43D2-BD03-53C675B7A5E1}.Release|Any CPU.ActiveCfg = Release|Any CPU
		{28BEC3C0-A999-43D2-BD03-53C675B7A5E1}.Release|Any CPU.Build.0 = Release|Any CPU
		{28BEC3C0-A999-43D2-BD03-53C675B7A5E1}.Release|Any CPU.Deploy.0 = Release|Any CPU
		{28BEC3C0-A999-43D2-BD03-53C675B7A5E1}.Release|ARM.ActiveCfg = Release|Any CPU
		{28BEC3C0-A999-43D2-BD03-53C675B7A5E1}.Release|ARM.Build.0 = Release|Any CPU
		{28BEC3C0-A999-43D2-BD03-53C675B7A5E1}.Release|ARM.Deploy.0 = Release|Any CPU
		{28BEC3C0-A999-43D2-BD03-53C675B7A5E1}.Release|iPhone.ActiveCfg = Release|Any CPU
		{28BEC3C0-A999-43D2-BD03-53C675B7A5E1}.Release|iPhone.Build.0 = Release|Any CPU
		{28BEC3C0-A999-43D2-BD03-53C675B7A5E1}.Release|iPhone.Deploy.0 = Release|Any CPU
		{28BEC3C0-A999-43D2-BD03-53C675B7A5E1}.Release|iPhoneSimulator.ActiveCfg = Release|Any CPU
		{28BEC3C0-A999-43D2-BD03-53C675B7A5E1}.Release|iPhoneSimulator.Build.0 = Release|Any CPU
		{28BEC3C0-A999-43D2-BD03-53C675B7A5E1}.Release|iPhoneSimulator.Deploy.0 = Release|Any CPU
		{28BEC3C0-A999-43D2-BD03-53C675B7A5E1}.Release|x64.ActiveCfg = Release|Any CPU
		{28BEC3C0-A999-43D2-BD03-53C675B7A5E1}.Release|x64.Build.0 = Release|Any CPU
		{28BEC3C0-A999-43D2-BD03-53C675B7A5E1}.Release|x64.Deploy.0 = Release|Any CPU
		{28BEC3C0-A999-43D2-BD03-53C675B7A5E1}.Release|x86.ActiveCfg = Release|Any CPU
		{28BEC3C0-A999-43D2-BD03-53C675B7A5E1}.Release|x86.Build.0 = Release|Any CPU
		{28BEC3C0-A999-43D2-BD03-53C675B7A5E1}.Release|x86.Deploy.0 = Release|Any CPU
	EndGlobalSection
	GlobalSection(SolutionProperties) = preSolution
		HideSolutionNode = FALSE
	EndGlobalSection
	GlobalSection(ExtensibilityGlobals) = postSolution
		SolutionGuid = {0FF9E2EF-AD0E-462A-A8F2-369EC30A7085}
	EndGlobalSection
EndGlobal
