
Microsoft Visual Studio Solution File, Format Version 12.00
# Visual Studio Version 16
VisualStudioVersion = 16.0.30907.101
MinimumVisualStudioVersion = 10.0.40219.1
Project("{FAE04EC0-301F-11D3-BF4B-00C04F79EFBC}") = "App02_TipoPaginaXF.UWP", "App02_TipoPaginaXF\App02_TipoPaginaXF.UWP\App02_TipoPaginaXF.UWP.csproj", "{86C164EB-0BE9-4E5E-AE62-DD26AEC2ECFE}"
EndProject
Project("{FAE04EC0-301F-11D3-BF4B-00C04F79EFBC}") = "App02_TipoPaginaXF.Android", "App02_TipoPaginaXF\App02_TipoPaginaXF.Android\App02_TipoPaginaXF.Android.csproj", "{7D516924-9612-4AE8-8102-29DC797FC37A}"
EndProject
Project("{FAE04EC0-301F-11D3-BF4B-00C04F79EFBC}") = "App02_TipoPaginaXF.iOS", "App02_TipoPaginaXF\App02_TipoPaginaXF.iOS\App02_TipoPaginaXF.iOS.csproj", "{9EE1EA02-465D-4D8D-8ABA-3E4E471EA86A}"
EndProject
Project("{FAE04EC0-301F-11D3-BF4B-00C04F79EFBC}") = "App02_TipoPaginaXF", "App02_TipoPaginaXF\App02_TipoPaginaXF\App02_TipoPaginaXF.csproj", "{55289014-2DDB-4811-A1D1-EF0D8AA49871}"
EndProject
Global
	GlobalSection(SolutionConfigurationPlatforms) = preSolution
		Debug|Any CPU = Debug|Any CPU
		Debug|ARM = Debug|ARM
		Debug|iPhone = Debug|iPhone
		Debug|iPhoneSimulator = Debug|iPhoneSimulator
		Debug|x64 = Debug|x64
		Debug|x86 = Debug|x86
		Release|Any CPU = Release|Any CPU
		Release|ARM = Release|ARM
		Release|iPhone = Release|iPhone
		Release|iPhoneSimulator = Release|iPhoneSimulator
		Release|x64 = Release|x64
		Release|x86 = Release|x86
	EndGlobalSection
	GlobalSection(ProjectConfigurationPlatforms) = postSolution
		{86C164EB-0BE9-4E5E-AE62-DD26AEC2ECFE}.Debug|Any CPU.ActiveCfg = Debug|x86
		{86C164EB-0BE9-4E5E-AE62-DD26AEC2ECFE}.Debug|Any CPU.Build.0 = Debug|x86
		{86C164EB-0BE9-4E5E-AE62-DD26AEC2ECFE}.Debug|Any CPU.Deploy.0 = Debug|x86
		{86C164EB-0BE9-4E5E-AE62-DD26AEC2ECFE}.Debug|ARM.ActiveCfg = Debug|ARM
		{86C164EB-0BE9-4E5E-AE62-DD26AEC2ECFE}.Debug|ARM.Build.0 = Debug|ARM
		{86C164EB-0BE9-4E5E-AE62-DD26AEC2ECFE}.Debug|ARM.Deploy.0 = Debug|ARM
		{86C164EB-0BE9-4E5E-AE62-DD26AEC2ECFE}.Debug|iPhone.ActiveCfg = Debug|x86
		{86C164EB-0BE9-4E5E-AE62-DD26AEC2ECFE}.Debug|iPhone.Build.0 = Debug|x86
		{86C164EB-0BE9-4E5E-AE62-DD26AEC2ECFE}.Debug|iPhone.Deploy.0 = Debug|x86
		{86C164EB-0BE9-4E5E-AE62-DD26AEC2ECFE}.Debug|iPhoneSimulator.ActiveCfg = Debug|x86
		{86C164EB-0BE9-4E5E-AE62-DD26AEC2ECFE}.Debug|iPhoneSimulator.Build.0 = Debug|x86
		{86C164EB-0BE9-4E5E-AE62-DD26AEC2ECFE}.Debug|iPhoneSimulator.Deploy.0 = Debug|x86
		{86C164EB-0BE9-4E5E-AE62-DD26AEC2ECFE}.Debug|x64.ActiveCfg = Debug|x64
		{86C164EB-0BE9-4E5E-AE62-DD26AEC2ECFE}.Debug|x64.Build.0 = Debug|x64
		{86C164EB-0BE9-4E5E-AE62-DD26AEC2ECFE}.Debug|x64.Deploy.0 = Debug|x64
		{86C164EB-0BE9-4E5E-AE62-DD26AEC2ECFE}.Debug|x86.ActiveCfg = Debug|x86
		{86C164EB-0BE9-4E5E-AE62-DD26AEC2ECFE}.Debug|x86.Build.0 = Debug|x86
		{86C164EB-0BE9-4E5E-AE62-DD26AEC2ECFE}.Debug|x86.Deploy.0 = Debug|x86
		{86C164EB-0BE9-4E5E-AE62-DD26AEC2ECFE}.Release|Any CPU.ActiveCfg = Release|x86
		{86C164EB-0BE9-4E5E-AE62-DD26AEC2ECFE}.Release|Any CPU.Build.0 = Release|x86
		{86C164EB-0BE9-4E5E-AE62-DD26AEC2ECFE}.Release|Any CPU.Deploy.0 = Release|x86
		{86C164EB-0BE9-4E5E-AE62-DD26AEC2ECFE}.Release|ARM.ActiveCfg = Release|ARM
		{86C164EB-0BE9-4E5E-AE62-DD26AEC2ECFE}.Release|ARM.Build.0 = Release|ARM
		{86C164EB-0BE9-4E5E-AE62-DD26AEC2ECFE}.Release|ARM.Deploy.0 = Release|ARM
		{86C164EB-0BE9-4E5E-AE62-DD26AEC2ECFE}.Release|iPhone.ActiveCfg = Release|x86
		{86C164EB-0BE9-4E5E-AE62-DD26AEC2ECFE}.Release|iPhone.Build.0 = Release|x86
		{86C164EB-0BE9-4E5E-AE62-DD26AEC2ECFE}.Release|iPhone.Deploy.0 = Release|x86
		{86C164EB-0BE9-4E5E-AE62-DD26AEC2ECFE}.Release|iPhoneSimulator.ActiveCfg = Release|x86
		{86C164EB-0BE9-4E5E-AE62-DD26AEC2ECFE}.Release|iPhoneSimulator.Build.0 = Release|x86
		{86C164EB-0BE9-4E5E-AE62-DD26AEC2ECFE}.Release|iPhoneSimulator.Deploy.0 = Release|x86
		{86C164EB-0BE9-4E5E-AE62-DD26AEC2ECFE}.Release|x64.ActiveCfg = Release|x64
		{86C164EB-0BE9-4E5E-AE62-DD26AEC2ECFE}.Release|x64.Build.0 = Release|x64
		{86C164EB-0BE9-4E5E-AE62-DD26AEC2ECFE}.Release|x64.Deploy.0 = Release|x64
		{86C164EB-0BE9-4E5E-AE62-DD26AEC2ECFE}.Release|x86.ActiveCfg = Release|x86
		{86C164EB-0BE9-4E5E-AE62-DD26AEC2ECFE}.Release|x86.Build.0 = Release|x86
		{86C164EB-0BE9-4E5E-AE62-DD26AEC2ECFE}.Release|x86.Deploy.0 = Release|x86
		{7D516924-9612-4AE8-8102-29DC797FC37A}.Debug|Any CPU.ActiveCfg = Debug|Any CPU
		{7D516924-9612-4AE8-8102-29DC797FC37A}.Debug|Any CPU.Build.0 = Debug|Any CPU
		{7D516924-9612-4AE8-8102-29DC797FC37A}.Debug|Any CPU.Deploy.0 = Debug|Any CPU
		{7D516924-9612-4AE8-8102-29DC797FC37A}.Debug|ARM.ActiveCfg = Debug|Any CPU
		{7D516924-9612-4AE8-8102-29DC797FC37A}.Debug|ARM.Build.0 = Debug|Any CPU
		{7D516924-9612-4AE8-8102-29DC797FC37A}.Debug|ARM.Deploy.0 = Debug|Any CPU
		{7D516924-9612-4AE8-8102-29DC797FC37A}.Debug|iPhone.ActiveCfg = Debug|Any CPU
		{7D516924-9612-4AE8-8102-29DC797FC37A}.Debug|iPhone.Build.0 = Debug|Any CPU
		{7D516924-9612-4AE8-8102-29DC797FC37A}.Debug|iPhone.Deploy.0 = Debug|Any CPU
		{7D516924-9612-4AE8-8102-29DC797FC37A}.Debug|iPhoneSimulator.ActiveCfg = Debug|Any CPU
		{7D516924-9612-4AE8-8102-29DC797FC37A}.Debug|iPhoneSimulator.Build.0 = Debug|Any CPU
		{7D516924-9612-4AE8-8102-29DC797FC37A}.Debug|iPhoneSimulator.Deploy.0 = Debug|Any CPU
		{7D516924-9612-4AE8-8102-29DC797FC37A}.Debug|x64.ActiveCfg = Debug|Any CPU
		{7D516924-9612-4AE8-8102-29DC797FC37A}.Debug|x64.Build.0 = Debug|Any CPU
		{7D516924-9612-4AE8-8102-29DC797FC37A}.Debug|x64.Deploy.0 = Debug|Any CPU
		{7D516924-9612-4AE8-8102-29DC797FC37A}.Debug|x86.ActiveCfg = Debug|Any CPU
		{7D516924-9612-4AE8-8102-29DC797FC37A}.Debug|x86.Build.0 = Debug|Any CPU
		{7D516924-9612-4AE8-8102-29DC797FC37A}.Debug|x86.Deploy.0 = Debug|Any CPU
		{7D516924-9612-4AE8-8102-29DC797FC37A}.Release|Any CPU.ActiveCfg = Release|Any CPU
		{7D516924-9612-4AE8-8102-29DC797FC37A}.Release|Any CPU.Build.0 = Release|Any CPU
		{7D516924-9612-4AE8-8102-29DC797FC37A}.Release|Any CPU.Deploy.0 = Release|Any CPU
		{7D516924-9612-4AE8-8102-29DC797FC37A}.Release|ARM.ActiveCfg = Release|Any CPU
		{7D516924-9612-4AE8-8102-29DC797FC37A}.Release|ARM.Build.0 = Release|Any CPU
		{7D516924-9612-4AE8-8102-29DC797FC37A}.Release|ARM.Deploy.0 = Release|Any CPU
		{7D516924-9612-4AE8-8102-29DC797FC37A}.Release|iPhone.ActiveCfg = Release|Any CPU
		{7D516924-9612-4AE8-8102-29DC797FC37A}.Release|iPhone.Build.0 = Release|Any CPU
		{7D516924-9612-4AE8-8102-29DC797FC37A}.Release|iPhone.Deploy.0 = Release|Any CPU
		{7D516924-9612-4AE8-8102-29DC797FC37A}.Release|iPhoneSimulator.ActiveCfg = Release|Any CPU
		{7D516924-9612-4AE8-8102-29DC797FC37A}.Release|iPhoneSimulator.Build.0 = Release|Any CPU
		{7D516924-9612-4AE8-8102-29DC797FC37A}.Release|iPhoneSimulator.Deploy.0 = Release|Any CPU
		{7D516924-9612-4AE8-8102-29DC797FC37A}.Release|x64.ActiveCfg = Release|Any CPU
		{7D516924-9612-4AE8-8102-29DC797FC37A}.Release|x64.Build.0 = Release|Any CPU
		{7D516924-9612-4AE8-8102-29DC797FC37A}.Release|x64.Deploy.0 = Release|Any CPU
		{7D516924-9612-4AE8-8102-29DC797FC37A}.Release|x86.ActiveCfg = Release|Any CPU
		{7D516924-9612-4AE8-8102-29DC797FC37A}.Release|x86.Build.0 = Release|Any CPU
		{7D516924-9612-4AE8-8102-29DC797FC37A}.Release|x86.Deploy.0 = Release|Any CPU
		{9EE1EA02-465D-4D8D-8ABA-3E4E471EA86A}.Debug|Any CPU.ActiveCfg = Debug|iPhoneSimulator
		{9EE1EA02-465D-4D8D-8ABA-3E4E471EA86A}.Debug|Any CPU.Build.0 = Debug|iPhoneSimulator
		{9EE1EA02-465D-4D8D-8ABA-3E4E471EA86A}.Debug|Any CPU.Deploy.0 = Debug|iPhoneSimulator
		{9EE1EA02-465D-4D8D-8ABA-3E4E471EA86A}.Debug|ARM.ActiveCfg = Debug|iPhone
		{9EE1EA02-465D-4D8D-8ABA-3E4E471EA86A}.Debug|ARM.Build.0 = Debug|iPhone
		{9EE1EA02-465D-4D8D-8ABA-3E4E471EA86A}.Debug|ARM.Deploy.0 = Debug|iPhone
		{9EE1EA02-465D-4D8D-8ABA-3E4E471EA86A}.Debug|iPhone.ActiveCfg = Debug|iPhone
		{9EE1EA02-465D-4D8D-8ABA-3E4E471EA86A}.Debug|iPhone.Build.0 = Debug|iPhone
		{9EE1EA02-465D-4D8D-8ABA-3E4E471EA86A}.Debug|iPhone.Deploy.0 = Debug|iPhone
		{9EE1EA02-465D-4D8D-8ABA-3E4E471EA86A}.Debug|iPhoneSimulator.ActiveCfg = Debug|iPhoneSimulator
		{9EE1EA02-465D-4D8D-8ABA-3E4E471EA86A}.Debug|iPhoneSimulator.Build.0 = Debug|iPhoneSimulator
		{9EE1EA02-465D-4D8D-8ABA-3E4E471EA86A}.Debug|iPhoneSimulator.Deploy.0 = Debug|iPhoneSimulator
		{9EE1EA02-465D-4D8D-8ABA-3E4E471EA86A}.Debug|x64.ActiveCfg = Debug|iPhoneSimulator
		{9EE1EA02-465D-4D8D-8ABA-3E4E471EA86A}.Debug|x64.Build.0 = Debug|iPhoneSimulator
		{9EE1EA02-465D-4D8D-8ABA-3E4E471EA86A}.Debug|x64.Deploy.0 = Debug|iPhoneSimulator
		{9EE1EA02-465D-4D8D-8ABA-3E4E471EA86A}.Debug|x86.ActiveCfg = Debug|iPhoneSimulator
		{9EE1EA02-465D-4D8D-8ABA-3E4E471EA86A}.Debug|x86.Build.0 = Debug|iPhoneSimulator
		{9EE1EA02-465D-4D8D-8ABA-3E4E471EA86A}.Debug|x86.Deploy.0 = Debug|iPhoneSimulator
		{9EE1EA02-465D-4D8D-8ABA-3E4E471EA86A}.Release|Any CPU.ActiveCfg = Release|iPhoneSimulator
		{9EE1EA02-465D-4D8D-8ABA-3E4E471EA86A}.Release|Any CPU.Build.0 = Release|iPhoneSimulator
		{9EE1EA02-465D-4D8D-8ABA-3E4E471EA86A}.Release|Any CPU.Deploy.0 = Release|iPhoneSimulator
		{9EE1EA02-465D-4D8D-8ABA-3E4E471EA86A}.Release|ARM.ActiveCfg = Release|iPhoneSimulator
		{9EE1EA02-465D-4D8D-8ABA-3E4E471EA86A}.Release|ARM.Build.0 = Release|iPhoneSimulator
		{9EE1EA02-465D-4D8D-8ABA-3E4E471EA86A}.Release|ARM.Deploy.0 = Release|iPhoneSimulator
		{9EE1EA02-465D-4D8D-8ABA-3E4E471EA86A}.Release|iPhone.ActiveCfg = Release|iPhone
		{9EE1EA02-465D-4D8D-8ABA-3E4E471EA86A}.Release|iPhone.Build.0 = Release|iPhone
		{9EE1EA02-465D-4D8D-8ABA-3E4E471EA86A}.Release|iPhone.Deploy.0 = Release|iPhone
		{9EE1EA02-465D-4D8D-8ABA-3E4E471EA86A}.Release|iPhoneSimulator.ActiveCfg = Release|iPhoneSimulator
		{9EE1EA02-465D-4D8D-8ABA-3E4E471EA86A}.Release|iPhoneSimulator.Build.0 = Release|iPhoneSimulator
		{9EE1EA02-465D-4D8D-8ABA-3E4E471EA86A}.Release|iPhoneSimulator.Deploy.0 = Release|iPhoneSimulator
		{9EE1EA02-465D-4D8D-8ABA-3E4E471EA86A}.Release|x64.ActiveCfg = Release|iPhoneSimulator
		{9EE1EA02-465D-4D8D-8ABA-3E4E471EA86A}.Release|x64.Build.0 = Release|iPhoneSimulator
		{9EE1EA02-465D-4D8D-8ABA-3E4E471EA86A}.Release|x64.Deploy.0 = Release|iPhoneSimulator
		{9EE1EA02-465D-4D8D-8ABA-3E4E471EA86A}.Release|x86.ActiveCfg = Release|iPhoneSimulator
		{9EE1EA02-465D-4D8D-8ABA-3E4E471EA86A}.Release|x86.Build.0 = Release|iPhoneSimulator
		{9EE1EA02-465D-4D8D-8ABA-3E4E471EA86A}.Release|x86.Deploy.0 = Release|iPhoneSimulator
		{55289014-2DDB-4811-A1D1-EF0D8AA49871}.Debug|Any CPU.ActiveCfg = Debug|Any CPU
		{55289014-2DDB-4811-A1D1-EF0D8AA49871}.Debug|Any CPU.Build.0 = Debug|Any CPU
		{55289014-2DDB-4811-A1D1-EF0D8AA49871}.Debug|Any CPU.Deploy.0 = Debug|Any CPU
		{55289014-2DDB-4811-A1D1-EF0D8AA49871}.Debug|ARM.ActiveCfg = Debug|Any CPU
		{55289014-2DDB-4811-A1D1-EF0D8AA49871}.Debug|ARM.Build.0 = Debug|Any CPU
		{55289014-2DDB-4811-A1D1-EF0D8AA49871}.Debug|ARM.Deploy.0 = Debug|Any CPU
		{55289014-2DDB-4811-A1D1-EF0D8AA49871}.Debug|iPhone.ActiveCfg = Debug|Any CPU
		{55289014-2DDB-4811-A1D1-EF0D8AA49871}.Debug|iPhone.Build.0 = Debug|Any CPU
		{55289014-2DDB-4811-A1D1-EF0D8AA49871}.Debug|iPhone.Deploy.0 = Debug|Any CPU
		{55289014-2DDB-4811-A1D1-EF0D8AA49871}.Debug|iPhoneSimulator.ActiveCfg = Debug|Any CPU
		{55289014-2DDB-4811-A1D1-EF0D8AA49871}.Debug|iPhoneSimulator.Build.0 = Debug|Any CPU
		{55289014-2DDB-4811-A1D1-EF0D8AA49871}.Debug|iPhoneSimulator.Deploy.0 = Debug|Any CPU
		{55289014-2DDB-4811-A1D1-EF0D8AA49871}.Debug|x64.ActiveCfg = Debug|Any CPU
		{55289014-2DDB-4811-A1D1-EF0D8AA49871}.Debug|x64.Build.0 = Debug|Any CPU
		{55289014-2DDB-4811-A1D1-EF0D8AA49871}.Debug|x64.Deploy.0 = Debug|Any CPU
		{55289014-2DDB-4811-A1D1-EF0D8AA49871}.Debug|x86.ActiveCfg = Debug|Any CPU
		{55289014-2DDB-4811-A1D1-EF0D8AA49871}.Debug|x86.Build.0 = Debug|Any CPU
		{55289014-2DDB-4811-A1D1-EF0D8AA49871}.Debug|x86.Deploy.0 = Debug|Any CPU
		{55289014-2DDB-4811-A1D1-EF0D8AA49871}.Release|Any CPU.ActiveCfg = Release|Any CPU
		{55289014-2DDB-4811-A1D1-EF0D8AA49871}.Release|Any CPU.Build.0 = Release|Any CPU
		{55289014-2DDB-4811-A1D1-EF0D8AA49871}.Release|Any CPU.Deploy.0 = Release|Any CPU
		{55289014-2DDB-4811-A1D1-EF0D8AA49871}.Release|ARM.ActiveCfg = Release|Any CPU
		{55289014-2DDB-4811-A1D1-EF0D8AA49871}.Release|ARM.Build.0 = Release|Any CPU
		{55289014-2DDB-4811-A1D1-EF0D8AA49871}.Release|ARM.Deploy.0 = Release|Any CPU
		{55289014-2DDB-4811-A1D1-EF0D8AA49871}.Release|iPhone.ActiveCfg = Release|Any CPU
		{55289014-2DDB-4811-A1D1-EF0D8AA49871}.Release|iPhone.Build.0 = Release|Any CPU
		{55289014-2DDB-4811-A1D1-EF0D8AA49871}.Release|iPhone.Deploy.0 = Release|Any CPU
		{55289014-2DDB-4811-A1D1-EF0D8AA49871}.Release|iPhoneSimulator.ActiveCfg = Release|Any CPU
		{55289014-2DDB-4811-A1D1-EF0D8AA49871}.Release|iPhoneSimulator.Build.0 = Release|Any CPU
		{55289014-2DDB-4811-A1D1-EF0D8AA49871}.Release|iPhoneSimulator.Deploy.0 = Release|Any CPU
		{55289014-2DDB-4811-A1D1-EF0D8AA49871}.Release|x64.ActiveCfg = Release|Any CPU
		{55289014-2DDB-4811-A1D1-EF0D8AA49871}.Release|x64.Build.0 = Release|Any CPU
		{55289014-2DDB-4811-A1D1-EF0D8AA49871}.Release|x64.Deploy.0 = Release|Any CPU
		{55289014-2DDB-4811-A1D1-EF0D8AA49871}.Release|x86.ActiveCfg = Release|Any CPU
		{55289014-2DDB-4811-A1D1-EF0D8AA49871}.Release|x86.Build.0 = Release|Any CPU
		{55289014-2DDB-4811-A1D1-EF0D8AA49871}.Release|x86.Deploy.0 = Release|Any CPU
	EndGlobalSection
	GlobalSection(SolutionProperties) = preSolution
		HideSolutionNode = FALSE
	EndGlobalSection
	GlobalSection(ExtensibilityGlobals) = postSolution
		SolutionGuid = {054A4E3A-7ED6-442A-A885-2A58D52F4D88}
	EndGlobalSection
EndGlobal
